
Microsoft Visual Studio Solution File, Format Version 12.00
# Visual Studio Version 16
VisualStudioVersion = 16.0.31105.61
MinimumVisualStudioVersion = 10.0.40219.1
Project("{FAE04EC0-301F-11D3-BF4B-00C04F79EFBC}") = "SampleMicrosoftBOT", "SampleMicrosoftBOT\SampleMicrosoftBOT.csproj", "{99B6514F-B538-4DF6-A356-8F470E2F52A6}"
EndProject
Global
	GlobalSection(SolutionConfigurationPlatforms) = preSolution
		Debug|Any CPU = Debug|Any CPU
		Release|Any CPU = Release|Any CPU
	EndGlobalSection
	GlobalSection(ProjectConfigurationPlatforms) = postSolution
		{99B6514F-B538-4DF6-A356-8F470E2F52A6}.Debug|Any CPU.ActiveCfg = Debug|Any CPU
		{99B6514F-B538-4DF6-A356-8F470E2F52A6}.Debug|Any CPU.Build.0 = Debug|Any CPU
		{99B6514F-B538-4DF6-A356-8F470E2F52A6}.Release|Any CPU.ActiveCfg = Release|Any CPU
		{99B6514F-B538-4DF6-A356-8F470E2F52A6}.Release|Any CPU.Build.0 = Release|Any CPU
	EndGlobalSection
	GlobalSection(SolutionProperties) = preSolution
		HideSolutionNode = FALSE
	EndGlobalSection
	GlobalSection(ExtensibilityGlobals) = postSolution
		SolutionGuid = {0D25D29B-24AF-4C75-AF85-9FEE81F2B5B6}
	EndGlobalSection
EndGlobal
